
Microsoft Visual Studio Solution File, Format Version 12.00
# Visual Studio Version 17
VisualStudioVersion = 17.0.31903.59
MinimumVisualStudioVersion = 10.0.40219.1
Project("{9A19103F-16F7-4668-BE54-9A1E7A4F7556}") = "client2", "client2.csproj", "{C095E526-1BAB-49F7-BFB6-B6AEA96BE1E8}"
EndProject
Project("{9A19103F-16F7-4668-BE54-9A1E7A4F7556}") = "Shared", "..\Shared\Shared.csproj", "{0728EABB-8300-41C6-9A35-31B3C58B4A56}"
EndProject
Project("{9A19103F-16F7-4668-BE54-9A1E7A4F7556}") = "client1", "..\client1\client1.csproj", "{BDD79DA1-DDDA-4E5B-A9C3-062669EEA9F3}"
EndProject
Global
	GlobalSection(SolutionConfigurationPlatforms) = preSolution
		Debug|Any CPU = Debug|Any CPU
		Release|Any CPU = Release|Any CPU
	EndGlobalSection
	GlobalSection(ProjectConfigurationPlatforms) = postSolution
		{C095E526-1BAB-49F7-BFB6-B6AEA96BE1E8}.Debug|Any CPU.ActiveCfg = Debug|Any CPU
		{C095E526-1BAB-49F7-BFB6-B6AEA96BE1E8}.Debug|Any CPU.Build.0 = Debug|Any CPU
		{C095E526-1BAB-49F7-BFB6-B6AEA96BE1E8}.Release|Any CPU.ActiveCfg = Release|Any CPU
		{C095E526-1BAB-49F7-BFB6-B6AEA96BE1E8}.Release|Any CPU.Build.0 = Release|Any CPU
		{0728EABB-8300-41C6-9A35-31B3C58B4A56}.Debug|Any CPU.ActiveCfg = Debug|Any CPU
		{0728EABB-8300-41C6-9A35-31B3C58B4A56}.Debug|Any CPU.Build.0 = Debug|Any CPU
		{0728EABB-8300-41C6-9A35-31B3C58B4A56}.Release|Any CPU.ActiveCfg = Release|Any CPU
		{0728EABB-8300-41C6-9A35-31B3C58B4A56}.Release|Any CPU.Build.0 = Release|Any CPU
		{BDD79DA1-DDDA-4E5B-A9C3-062669EEA9F3}.Debug|Any CPU.ActiveCfg = Debug|Any CPU
		{BDD79DA1-DDDA-4E5B-A9C3-062669EEA9F3}.Debug|Any CPU.Build.0 = Debug|Any CPU
		{BDD79DA1-DDDA-4E5B-A9C3-062669EEA9F3}.Release|Any CPU.ActiveCfg = Release|Any CPU
		{BDD79DA1-DDDA-4E5B-A9C3-062669EEA9F3}.Release|Any CPU.Build.0 = Release|Any CPU
	EndGlobalSection
	GlobalSection(SolutionProperties) = preSolution
		HideSolutionNode = FALSE
	EndGlobalSection
EndGlobal
